
Terraform used the selected providers to generate the following execution
plan. Resource actions are indicated with the following symbols:
  + create

Terraform will perform the following actions:

  # google_bigquery_dataset.dataset will be created
  + resource "google_bigquery_dataset" "dataset" {
      + creation_time              = (known after apply)
      + dataset_id                 = "trips_dataset"
      + delete_contents_on_destroy = false
      + etag                       = (known after apply)
      + id                         = (known after apply)
      + labels                     = (known after apply)
      + last_modified_time         = (known after apply)
      + location                   = "asia-southeast1"
      + project                    = "winter-campus-375209"
      + self_link                  = (known after apply)

      + access {
          + domain         = (known after apply)
          + group_by_email = (known after apply)
          + role           = (known after apply)
          + special_group  = (known after apply)
          + user_by_email  = (known after apply)

          + dataset {
              + target_types = (known after apply)

              + dataset {
                  + dataset_id = (known after apply)
                  + project_id = (known after apply)
                }
            }

          + routine {
              + dataset_id = (known after apply)
              + project_id = (known after apply)
              + routine_id = (known after apply)
            }

          + view {
              + dataset_id = (known after apply)
              + project_id = (known after apply)
              + table_id   = (known after apply)
            }
        }
    }

  # google_storage_bucket.data-lake-bucket will be created
  + resource "google_storage_bucket" "data-lake-bucket" {
      + force_destroy               = true
      + id                          = (known after apply)
      + location                    = "ASIA-SOUTHEAST1"
      + name                        = "data_lake_data-engineering-zoomcamp"
      + project                     = (known after apply)
      + public_access_prevention    = (known after apply)
      + self_link                   = (known after apply)
      + storage_class               = "STANDARD"
      + uniform_bucket_level_access = true
      + url                         = (known after apply)

      + lifecycle_rule {
          + action {
              + type = "Delete"
            }

          + condition {
              + age                   = 30
              + matches_prefix        = []
              + matches_storage_class = []
              + matches_suffix        = []
              + with_state            = (known after apply)
            }
        }

      + versioning {
          + enabled = true
        }

      + website {
          + main_page_suffix = (known after apply)
          + not_found_page   = (known after apply)
        }
    }

Plan: 2 to add, 0 to change, 0 to destroy.
